{
  "name": "videocutdemo",
  "version": "1.0.0",
  "lockfileVersion": 1,
  "requires": true,
  "dependencies": {
    "@ffmpeg-installer/darwin-x64": {
      "version": "4.1.0",
      "resolved": "http://bnpm.byted.org/@ffmpeg-installer/darwin-x64/download/@ffmpeg-installer/darwin-x64-4.1.0.tgz",
      "integrity": "sha1-SOFwbGkOYoFISCv7ZKy2dHIImqo=",
      "optional": true
    },
    "@ffmpeg-installer/ffmpeg": {
      "version": "1.0.20",
      "resolved": "http://bnpm.byted.org/@ffmpeg-installer/ffmpeg/download/@ffmpeg-installer/ffmpeg-1.0.20.tgz",
      "integrity": "sha1-08nCu812FJRo+wiGwrP+nkeVSQs=",
      "requires": {
        "@ffmpeg-installer/darwin-x64": "4.1.0",
        "@ffmpeg-installer/linux-arm": "4.1.3",
        "@ffmpeg-installer/linux-arm64": "4.1.4",
        "@ffmpeg-installer/linux-ia32": "4.1.0",
        "@ffmpeg-installer/linux-x64": "4.1.0",
        "@ffmpeg-installer/win32-ia32": "4.1.0",
        "@ffmpeg-installer/win32-x64": "4.1.0"
      }
    },
    "@ffmpeg-installer/linux-arm": {
      "version": "4.1.3",
      "resolved": "http://bnpm.byted.org/@ffmpeg-installer/linux-arm/download/@ffmpeg-installer/linux-arm-4.1.3.tgz",
      "integrity": "sha1-xVTxBe1fEEdewl177JSSbOGNtME=",
      "optional": true
    },
    "@ffmpeg-installer/linux-arm64": {
      "version": "4.1.4",
      "resolved": "http://bnpm.byted.org/@ffmpeg-installer/linux-arm64/download/@ffmpeg-installer/linux-arm64-4.1.4.tgz",
      "integrity": "sha1-chnz+QG7Z/eSbLBgtWtpdKbK0p8=",
      "optional": true
    },
    "@ffmpeg-installer/linux-ia32": {
      "version": "4.1.0",
      "resolved": "http://bnpm.byted.org/@ffmpeg-installer/linux-ia32/download/@ffmpeg-installer/linux-ia32-4.1.0.tgz",
      "integrity": "sha1-ra1wsNDZ2NgTmD1uaDxaM4p15EI=",
      "optional": true
    },
    "@ffmpeg-installer/linux-x64": {
      "version": "4.1.0",
      "resolved": "http://bnpm.byted.org/@ffmpeg-installer/linux-x64/download/@ffmpeg-installer/linux-x64-4.1.0.tgz",
      "integrity": "sha1-tKXYnE4S5tkwbbzcVz33FuwcQyM=",
      "optional": true
    },
    "@ffmpeg-installer/win32-ia32": {
      "version": "4.1.0",
      "resolved": "http://bnpm.byted.org/@ffmpeg-installer/win32-ia32/download/@ffmpeg-installer/win32-ia32-4.1.0.tgz",
      "integrity": "sha1-bqxPtpG2TALnoRbB4tFn8+m0Bjg=",
      "optional": true
    },
    "@ffmpeg-installer/win32-x64": {
      "version": "4.1.0",
      "resolved": "http://bnpm.byted.org/@ffmpeg-installer/win32-x64/download/@ffmpeg-installer/win32-x64-4.1.0.tgz",
      "integrity": "sha1-F+hpm1eY1MYONuLWMmqOvl6VosU=",
      "optional": true
    },
    "@types/fluent-ffmpeg": {
      "version": "2.1.11",
      "resolved": "http://bnpm.byted.org/@types/fluent-ffmpeg/download/@types/fluent-ffmpeg-2.1.11.tgz",
      "integrity": "sha1-RwZhPp47vWU/+AGyPF/ayXb2LsA=",
      "requires": {
        "@types/node": "*"
      }
    },
    "@types/node": {
      "version": "12.12.6",
      "resolved": "http://bnpm.byted.org/@types/node/download/@types/node-12.12.6.tgz",
      "integrity": "sha1-pHJAwQ2GqaV7sMYz8LLgrqnOklM="
    },
    "async": {
      "version": "3.1.0",
      "resolved": "http://bnpm.byted.org/async/download/async-3.1.0.tgz",
      "integrity": "sha1-QrOxKuG3SSe1IX2MABa6r2JGN3I="
    },
    "fluent-ffmpeg": {
      "version": "2.1.2",
      "resolved": "http://bnpm.byted.org/fluent-ffmpeg/download/fluent-ffmpeg-2.1.2.tgz",
      "integrity": "sha1-yVLeIkD4EuvaCqgAbXd27irPfXQ=",
      "requires": {
        "async": ">=0.2.9",
        "which": "^1.1.1"
      }
    },
    "isexe": {
      "version": "2.0.0",
      "resolved": "http://bnpm.byted.org/isexe/download/isexe-2.0.0.tgz",
      "integrity": "sha1-6PvzdNxVb/iUehDcsFctYz8s+hA="
    },
    "which": {
      "version": "1.3.1",
      "resolved": "http://bnpm.byted.org/which/download/which-1.3.1.tgz",
      "integrity": "sha1-pFBD1U9YBTFtqNYvn1CRjT2nCwo=",
      "requires": {
        "isexe": "^2.0.0"
      }
    }
  }
}
